// !$*UTF8*$!
{
	archiveVersion = 1;
	classes = {
	};
	objectVersion = 56;
	objects = {

/* Begin PBXBuildFile section */
		1FCD06CA2BB4CF1C0069E32B /* AppDelegate.swift in Sources */ = {isa = PBXBuildFile; fileRef = 1FCD06C92BB4CF1C0069E32B /* AppDelegate.swift */; };
		1FCD06CC2BB4CF1C0069E32B /* SceneDelegate.swift in Sources */ = {isa = PBXBuildFile; fileRef = 1FCD06CB2BB4CF1C0069E32B /* SceneDelegate.swift */; };
		1FCD06CE2BB4CF1C0069E32B /* ViewController.swift in Sources */ = {isa = PBXBuildFile; fileRef = 1FCD06CD2BB4CF1C0069E32B /* ViewController.swift */; };
		1FCD06D12BB4CF1C0069E32B /* Base in Resources */ = {isa = PBXBuildFile; fileRef = 1FCD06D02BB4CF1C0069E32B /* Base */; };
		1FCD06D32BB4CF1D0069E32B /* Assets.xcassets in Resources */ = {isa = PBXBuildFile; fileRef = 1FCD06D22BB4CF1D0069E32B /* Assets.xcassets */; };
		1FCD06D62BB4CF1D0069E32B /* Base in Resources */ = {isa = PBXBuildFile; fileRef = 1FCD06D52BB4CF1D0069E32B /* Base */; };
		1FCD06E12BB4CF1D0069E32B /* helloiosTests.swift in Sources */ = {isa = PBXBuildFile; fileRef = 1FCD06E02BB4CF1D0069E32B /* helloiosTests.swift */; };
		1FCD06EB2BB4CF1D0069E32B /* helloiosUITests.swift in Sources */ = {isa = PBXBuildFile; fileRef = 1FCD06EA2BB4CF1D0069E32B /* helloiosUITests.swift */; };
		1FCD06ED2BB4CF1D0069E32B /* helloiosUITestsLaunchTests.swift in Sources */ = {isa = PBXBuildFile; fileRef = 1FCD06EC2BB4CF1D0069E32B /* helloiosUITestsLaunchTests.swift */; };
/* End PBXBuildFile section */

/* Begin PBXContainerItemProxy section */
		1FCD06DD2BB4CF1D0069E32B /* PBXContainerItemProxy */ = {
			isa = PBXContainerItemProxy;
			containerPortal = 1FCD06BE2BB4CF1C0069E32B /* Project object */;
			proxyType = 1;
			remoteGlobalIDString = 1FCD06C52BB4CF1C0069E32B;
			remoteInfo = helloios;
		};
		1FCD06E72BB4CF1D0069E32B /* PBXContainerItemProxy */ = {
			isa = PBXContainerItemProxy;
			containerPortal = 1FCD06BE2BB4CF1C0069E32B /* Project object */;
			proxyType = 1;
			remoteGlobalIDString = 1FCD06C52BB4CF1C0069E32B;
			remoteInfo = helloios;
		};
/* End PBXContainerItemProxy section */

/* Begin PBXFileReference section */
		1FCD06C62BB4CF1C0069E32B /* helloios.app */ = {isa = PBXFileReference; explicitFileType = wrapper.application; includeInIndex = 0; path = helloios.app; sourceTree = BUILT_PRODUCTS_DIR; };
		1FCD06C92BB4CF1C0069E32B /* AppDelegate.swift */ = {isa = PBXFileReference; lastKnownFileType = sourcecode.swift; path = AppDelegate.swift; sourceTree = "<group>"; };
		1FCD06CB2BB4CF1C0069E32B /* SceneDelegate.swift */ = {isa = PBXFileReference; lastKnownFileType = sourcecode.swift; path = SceneDelegate.swift; sourceTree = "<group>"; };
		1FCD06CD2BB4CF1C0069E32B /* ViewController.swift */ = {isa = PBXFileReference; lastKnownFileType = sourcecode.swift; path = ViewController.swift; sourceTree = "<group>"; };
		1FCD06D02BB4CF1C0069E32B /* Base */ = {isa = PBXFileReference; lastKnownFileType = file.storyboard; name = Base; path = Base.lproj/Main.storyboard; sourceTree = "<group>"; };
		1FCD06D22BB4CF1D0069E32B /* Assets.xcassets */ = {isa = PBXFileReference; lastKnownFileType = folder.assetcatalog; path = Assets.xcassets; sourceTree = "<group>"; };
		1FCD06D52BB4CF1D0069E32B /* Base */ = {isa = PBXFileReference; lastKnownFileType = file.storyboard; name = Base; path = Base.lproj/LaunchScreen.storyboard; sourceTree = "<group>"; };
		1FCD06D72BB4CF1D0069E32B /* Info.plist */ = {isa = PBXFileReference; lastKnownFileType = text.plist.xml; path = Info.plist; sourceTree = "<group>"; };
		1FCD06DC2BB4CF1D0069E32B /* helloiosTests.xctest */ = {isa = PBXFileReference; explicitFileType = wrapper.cfbundle; includeInIndex = 0; path = helloiosTests.xctest; sourceTree = BUILT_PRODUCTS_DIR; };
		1FCD06E02BB4CF1D0069E32B /* helloiosTests.swift */ = {isa = PBXFileReference; lastKnownFileType = sourcecode.swift; path = helloiosTests.swift; sourceTree = "<group>"; };
		1FCD06E62BB4CF1D0069E32B /* helloiosUITests.xctest */ = {isa = PBXFileReference; explicitFileType = wrapper.cfbundle; includeInIndex = 0; path = helloiosUITests.xctest; sourceTree = BUILT_PRODUCTS_DIR; };
		1FCD06EA2BB4CF1D0069E32B /* helloiosUITests.swift */ = {isa = PBXFileReference; lastKnownFileType = sourcecode.swift; path = helloiosUITests.swift; sourceTree = "<group>"; };
		1FCD06EC2BB4CF1D0069E32B /* helloiosUITestsLaunchTests.swift */ = {isa = PBXFileReference; lastKnownFileType = sourcecode.swift; path = helloiosUITestsLaunchTests.swift; sourceTree = "<group>"; };
/* End PBXFileReference section */

/* Begin PBXFrameworksBuildPhase section */
		1FCD06C32BB4CF1C0069E32B /* Frameworks */ = {
			isa = PBXFrameworksBuildPhase;
			buildActionMask = 2147483647;
			files = (
			);
			runOnlyForDeploymentPostprocessing = 0;
		};
		1FCD06D92BB4CF1D0069E32B /* Frameworks */ = {
			isa = PBXFrameworksBuildPhase;
			buildActionMask = 2147483647;
			files = (
			);
			runOnlyForDeploymentPostprocessing = 0;
		};
		1FCD06E32BB4CF1D0069E32B /* Frameworks */ = {
			isa = PBXFrameworksBuildPhase;
			buildActionMask = 2147483647;
			files = (
			);
			runOnlyForDeploymentPostprocessing = 0;
		};
/* End PBXFrameworksBuildPhase section */

/* Begin PBXGroup section */
		1FCD06BD2BB4CF1C0069E32B = {
			isa = PBXGroup;
			children = (
				1FCD06C82BB4CF1C0069E32B /* helloios */,
				1FCD06DF2BB4CF1D0069E32B /* helloiosTests */,
				1FCD06E92BB4CF1D0069E32B /* helloiosUITests */,
				1FCD06C72BB4CF1C0069E32B /* Products */,
			);
			sourceTree = "<group>";
		};
		1FCD06C72BB4CF1C0069E32B /* Products */ = {
			isa = PBXGroup;
			children = (
				1FCD06C62BB4CF1C0069E32B /* helloios.app */,
				1FCD06DC2BB4CF1D0069E32B /* helloiosTests.xctest */,
				1FCD06E62BB4CF1D0069E32B /* helloiosUITests.xctest */,
			);
			name = Products;
			sourceTree = "<group>";
		};
		1FCD06C82BB4CF1C0069E32B /* helloios */ = {
			isa = PBXGroup;
			children = (
				1FCD06C92BB4CF1C0069E32B /* AppDelegate.swift */,
				1FCD06CB2BB4CF1C0069E32B /* SceneDelegate.swift */,
				1FCD06CD2BB4CF1C0069E32B /* ViewController.swift */,
				1FCD06CF2BB4CF1C0069E32B /* Main.storyboard */,
				1FCD06D22BB4CF1D0069E32B /* Assets.xcassets */,
				1FCD06D42BB4CF1D0069E32B /* LaunchScreen.storyboard */,
				1FCD06D72BB4CF1D0069E32B /* Info.plist */,
			);
			path = helloios;
			sourceTree = "<group>";
		};
		1FCD06DF2BB4CF1D0069E32B /* helloiosTests */ = {
			isa = PBXGroup;
			children = (
				1FCD06E02BB4CF1D0069E32B /* helloiosTests.swift */,
			);
			path = helloiosTests;
			sourceTree = "<group>";
		};
		1FCD06E92BB4CF1D0069E32B /* helloiosUITests */ = {
			isa = PBXGroup;
			children = (
				1FCD06EA2BB4CF1D0069E32B /* helloiosUITests.swift */,
				1FCD06EC2BB4CF1D0069E32B /* helloiosUITestsLaunchTests.swift */,
			);
			path = helloiosUITests;
			sourceTree = "<group>";
		};
/* End PBXGroup section */

/* Begin PBXNativeTarget section */
		1FCD06C52BB4CF1C0069E32B /* helloios */ = {
			isa = PBXNativeTarget;
			buildConfigurationList = 1FCD06F02BB4CF1D0069E32B /* Build configuration list for PBXNativeTarget "helloios" */;
			buildPhases = (
				1FCD06C22BB4CF1C0069E32B /* Sources */,
				1FCD06C32BB4CF1C0069E32B /* Frameworks */,
				1FCD06C42BB4CF1C0069E32B /* Resources */,
			);
			buildRules = (
			);
			dependencies = (
			);
			name = helloios;
			productName = helloios;
			productReference = 1FCD06C62BB4CF1C0069E32B /* helloios.app */;
			productType = "com.apple.product-type.application";
		};
		1FCD06DB2BB4CF1D0069E32B /* helloiosTests */ = {
			isa = PBXNativeTarget;
			buildConfigurationList = 1FCD06F32BB4CF1D0069E32B /* Build configuration list for PBXNativeTarget "helloiosTests" */;
			buildPhases = (
				1FCD06D82BB4CF1D0069E32B /* Sources */,
				1FCD06D92BB4CF1D0069E32B /* Frameworks */,
				1FCD06DA2BB4CF1D0069E32B /* Resources */,
			);
			buildRules = (
			);
			dependencies = (
				1FCD06DE2BB4CF1D0069E32B /* PBXTargetDependency */,
			);
			name = helloiosTests;
			productName = helloiosTests;
			productReference = 1FCD06DC2BB4CF1D0069E32B /* helloiosTests.xctest */;
			productType = "com.apple.product-type.bundle.unit-test";
		};
		1FCD06E52BB4CF1D0069E32B /* helloiosUITests */ = {
			isa = PBXNativeTarget;
			buildConfigurationList = 1FCD06F62BB4CF1D0069E32B /* Build configuration list for PBXNativeTarget "helloiosUITests" */;
			buildPhases = (
				1FCD06E22BB4CF1D0069E32B /* Sources */,
				1FCD06E32BB4CF1D0069E32B /* Frameworks */,
				1FCD06E42BB4CF1D0069E32B /* Resources */,
			);
			buildRules = (
			);
			dependencies = (
				1FCD06E82BB4CF1D0069E32B /* PBXTargetDependency */,
			);
			name = helloiosUITests;
			productName = helloiosUITests;
			productReference = 1FCD06E62BB4CF1D0069E32B /* helloiosUITests.xctest */;
			productType = "com.apple.product-type.bundle.ui-testing";
		};
/* End PBXNativeTarget section */

/* Begin PBXProject section */
		1FCD06BE2BB4CF1C0069E32B /* Project object */ = {
			isa = PBXProject;
			attributes = {
				BuildIndependentTargetsInParallel = 1;
				LastSwiftUpdateCheck = 1530;
				LastUpgradeCheck = 1530;
				TargetAttributes = {
					1FCD06C52BB4CF1C0069E32B = {
						CreatedOnToolsVersion = 15.3;
					};
					1FCD06DB2BB4CF1D0069E32B = {
						CreatedOnToolsVersion = 15.3;
						TestTargetID = 1FCD06C52BB4CF1C0069E32B;
					};
					1FCD06E52BB4CF1D0069E32B = {
						CreatedOnToolsVersion = 15.3;
						TestTargetID = 1FCD06C52BB4CF1C0069E32B;
					};
				};
			};
			buildConfigurationList = 1FCD06C12BB4CF1C0069E32B /* Build configuration list for PBXProject "helloios" */;
			compatibilityVersion = "Xcode 14.0";
			developmentRegion = en;
			hasScannedForEncodings = 0;
			knownRegions = (
				en,
				Base,
			);
			mainGroup = 1FCD06BD2BB4CF1C0069E32B;
			productRefGroup = 1FCD06C72BB4CF1C0069E32B /* Products */;
			projectDirPath = "";
			projectRoot = "";
			targets = (
				1FCD06C52BB4CF1C0069E32B /* helloios */,
				1FCD06DB2BB4CF1D0069E32B /* helloiosTests */,
				1FCD06E52BB4CF1D0069E32B /* helloiosUITests */,
			);
		};
/* End PBXProject section */

/* Begin PBXResourcesBuildPhase section */
		1FCD06C42BB4CF1C0069E32B /* Resources */ = {
			isa = PBXResourcesBuildPhase;
			buildActionMask = 2147483647;
			files = (
				1FCD06D32BB4CF1D0069E32B /* Assets.xcassets in Resources */,
				1FCD06D62BB4CF1D0069E32B /* Base in Resources */,
				1FCD06D12BB4CF1C0069E32B /* Base in Resources */,
			);
			runOnlyForDeploymentPostprocessing = 0;
		};
		1FCD06DA2BB4CF1D0069E32B /* Resources */ = {
			isa = PBXResourcesBuildPhase;
			buildActionMask = 2147483647;
			files = (
			);
			runOnlyForDeploymentPostprocessing = 0;
		};
		1FCD06E42BB4CF1D0069E32B /* Resources */ = {
			isa = PBXResourcesBuildPhase;
			buildActionMask = 2147483647;
			files = (
			);
			runOnlyForDeploymentPostprocessing = 0;
		};
/* End PBXResourcesBuildPhase section */

/* Begin PBXSourcesBuildPhase section */
		1FCD06C22BB4CF1C0069E32B /* Sources */ = {
			isa = PBXSourcesBuildPhase;
			buildActionMask = 2147483647;
			files = (
				1FCD06CE2BB4CF1C0069E32B /* ViewController.swift in Sources */,
				1FCD06CA2BB4CF1C0069E32B /* AppDelegate.swift in Sources */,
				1FCD06CC2BB4CF1C0069E32B /* SceneDelegate.swift in Sources */,
			);
			runOnlyForDeploymentPostprocessing = 0;
		};
		1FCD06D82BB4CF1D0069E32B /* Sources */ = {
			isa = PBXSourcesBuildPhase;
			buildActionMask = 2147483647;
			files = (
				1FCD06E12BB4CF1D0069E32B /* helloiosTests.swift in Sources */,
			);
			runOnlyForDeploymentPostprocessing = 0;
		};
		1FCD06E22BB4CF1D0069E32B /* Sources */ = {
			isa = PBXSourcesBuildPhase;
			buildActionMask = 2147483647;
			files = (
				1FCD06ED2BB4CF1D0069E32B /* helloiosUITestsLaunchTests.swift in Sources */,
				1FCD06EB2BB4CF1D0069E32B /* helloiosUITests.swift in Sources */,
			);
			runOnlyForDeploymentPostprocessing = 0;
		};
/* End PBXSourcesBuildPhase section */

/* Begin PBXTargetDependency section */
		1FCD06DE2BB4CF1D0069E32B /* PBXTargetDependency */ = {
			isa = PBXTargetDependency;
			target = 1FCD06C52BB4CF1C0069E32B /* helloios */;
			targetProxy = 1FCD06DD2BB4CF1D0069E32B /* PBXContainerItemProxy */;
		};
		1FCD06E82BB4CF1D0069E32B /* PBXTargetDependency */ = {
			isa = PBXTargetDependency;
			target = 1FCD06C52BB4CF1C0069E32B /* helloios */;
			targetProxy = 1FCD06E72BB4CF1D0069E32B /* PBXContainerItemProxy */;
		};
/* End PBXTargetDependency section */

/* Begin PBXVariantGroup section */
		1FCD06CF2BB4CF1C0069E32B /* Main.storyboard */ = {
			isa = PBXVariantGroup;
			children = (
				1FCD06D02BB4CF1C0069E32B /* Base */,
			);
			name = Main.storyboard;
			sourceTree = "<group>";
		};
		1FCD06D42BB4CF1D0069E32B /* LaunchScreen.storyboard */ = {
			isa = PBXVariantGroup;
			children = (
				1FCD06D52BB4CF1D0069E32B /* Base */,
			);
			name = LaunchScreen.storyboard;
			sourceTree = "<group>";
		};
/* End PBXVariantGroup section */

/* Begin XCBuildConfiguration section */
		1FCD06EE2BB4CF1D0069E32B /* Debug */ = {
			isa = XCBuildConfiguration;
			buildSettings = {
				ALWAYS_SEARCH_USER_PATHS = NO;
				ASSETCATALOG_COMPILER_GENERATE_SWIFT_ASSET_SYMBOL_EXTENSIONS = YES;
				CLANG_ANALYZER_NONNULL = YES;
				CLANG_ANALYZER_NUMBER_OBJECT_CONVERSION = YES_AGGRESSIVE;
				CLANG_CXX_LANGUAGE_STANDARD = "gnu++20";
				CLANG_ENABLE_MODULES = YES;
				CLANG_ENABLE_OBJC_ARC = YES;
				CLANG_ENABLE_OBJC_WEAK = YES;
				CLANG_WARN_BLOCK_CAPTURE_AUTORELEASING = YES;
				CLANG_WARN_BOOL_CONVERSION = YES;
				CLANG_WARN_COMMA = YES;
				CLANG_WARN_CONSTANT_CONVERSION = YES;
				CLANG_WARN_DEPRECATED_OBJC_IMPLEMENTATIONS = YES;
				CLANG_WARN_DIRECT_OBJC_ISA_USAGE = YES_ERROR;
				CLANG_WARN_DOCUMENTATION_COMMENTS = YES;
				CLANG_WARN_EMPTY_BODY = YES;
				CLANG_WARN_ENUM_CONVERSION = YES;
				CLANG_WARN_INFINITE_RECURSION = YES;
				CLANG_WARN_INT_CONVERSION = YES;
				CLANG_WARN_NON_LITERAL_NULL_CONVERSION = YES;
				CLANG_WARN_OBJC_IMPLICIT_RETAIN_SELF = YES;
				CLANG_WARN_OBJC_LITERAL_CONVERSION = YES;
				CLANG_WARN_OBJC_ROOT_CLASS = YES_ERROR;
				CLANG_WARN_QUOTED_INCLUDE_IN_FRAMEWORK_HEADER = YES;
				CLANG_WARN_RANGE_LOOP_ANALYSIS = YES;
				CLANG_WARN_STRICT_PROTOTYPES = YES;
				CLANG_WARN_SUSPICIOUS_MOVE = YES;
				CLANG_WARN_UNGUARDED_AVAILABILITY = YES_AGGRESSIVE;
				CLANG_WARN_UNREACHABLE_CODE = YES;
				CLANG_WARN__DUPLICATE_METHOD_MATCH = YES;
				COPY_PHASE_STRIP = NO;
				DEBUG_INFORMATION_FORMAT = dwarf;
				ENABLE_STRICT_OBJC_MSGSEND = YES;
				ENABLE_TESTABILITY = YES;
				ENABLE_USER_SCRIPT_SANDBOXING = YES;
				GCC_C_LANGUAGE_STANDARD = gnu17;
				GCC_DYNAMIC_NO_PIC = NO;
				GCC_NO_COMMON_BLOCKS = YES;
				GCC_OPTIMIZATION_LEVEL = 0;
				GCC_PREPROCESSOR_DEFINITIONS = (
					"DEBUG=1",
					"$(inherited)",
				);
				GCC_WARN_64_TO_32_BIT_CONVERSION = YES;
				GCC_WARN_ABOUT_RETURN_TYPE = YES_ERROR;
				GCC_WARN_UNDECLARED_SELECTOR = YES;
				GCC_WARN_UNINITIALIZED_AUTOS = YES_AGGRESSIVE;
				GCC_WARN_UNUSED_FUNCTION = YES;
				GCC_WARN_UNUSED_VARIABLE = YES;
				IPHONEOS_DEPLOYMENT_TARGET = 17.4;
				LOCALIZATION_PREFERS_STRING_CATALOGS = YES;
				MTL_ENABLE_DEBUG_INFO = INCLUDE_SOURCE;
				MTL_FAST_MATH = YES;
				ONLY_ACTIVE_ARCH = YES;
				SDKROOT = iphoneos;
				SWIFT_ACTIVE_COMPILATION_CONDITIONS = "DEBUG $(inherited)";
				SWIFT_OPTIMIZATION_LEVEL = "-Onone";
			};
			name = Debug;
		};
		1FCD06EF2BB4CF1D0069E32B /* Release */ = {
			isa = XCBuildConfiguration;
			buildSettings = {
				ALWAYS_SEARCH_USER_PATHS = NO;
				ASSETCATALOG_COMPILER_GENERATE_SWIFT_ASSET_SYMBOL_EXTENSIONS = YES;
				CLANG_ANALYZER_NONNULL = YES;
				CLANG_ANALYZER_NUMBER_OBJECT_CONVERSION = YES_AGGRESSIVE;
				CLANG_CXX_LANGUAGE_STANDARD = "gnu++20";
				CLANG_ENABLE_MODULES = YES;
				CLANG_ENABLE_OBJC_ARC = YES;
				CLANG_ENABLE_OBJC_WEAK = YES;
				CLANG_WARN_BLOCK_CAPTURE_AUTORELEASING = YES;
				CLANG_WARN_BOOL_CONVERSION = YES;
				CLANG_WARN_COMMA = YES;
				CLANG_WARN_CONSTANT_CONVERSION = YES;
				CLANG_WARN_DEPRECATED_OBJC_IMPLEMENTATIONS = YES;
				CLANG_WARN_DIRECT_OBJC_ISA_USAGE = YES_ERROR;
				CLANG_WARN_DOCUMENTATION_COMMENTS = YES;
				CLANG_WARN_EMPTY_BODY = YES;
				CLANG_WARN_ENUM_CONVERSION = YES;
				CLANG_WARN_INFINITE_RECURSION = YES;
				CLANG_WARN_INT_CONVERSION = YES;
				CLANG_WARN_NON_LITERAL_NULL_CONVERSION = YES;
				CLANG_WARN_OBJC_IMPLICIT_RETAIN_SELF = YES;
				CLANG_WARN_OBJC_LITERAL_CONVERSION = YES;
				CLANG_WARN_OBJC_ROOT_CLASS = YES_ERROR;
				CLANG_WARN_QUOTED_INCLUDE_IN_FRAMEWORK_HEADER = YES;
				CLANG_WARN_RANGE_LOOP_ANALYSIS = YES;
				CLANG_WARN_STRICT_PROTOTYPES = YES;
				CLANG_WARN_SUSPICIOUS_MOVE = YES;
				CLANG_WARN_UNGUARDED_AVAILABILITY = YES_AGGRESSIVE;
				CLANG_WARN_UNREACHABLE_CODE = YES;
				CLANG_WARN__DUPLICATE_METHOD_MATCH = YES;
				COPY_PHASE_STRIP = NO;
				DEBUG_INFORMATION_FORMAT = "dwarf-with-dsym";
				ENABLE_NS_ASSERTIONS = NO;
				ENABLE_STRICT_OBJC_MSGSEND = YES;
				ENABLE_USER_SCRIPT_SANDBOXING = YES;
				GCC_C_LANGUAGE_STANDARD = gnu17;
				GCC_NO_COMMON_BLOCKS = YES;
				GCC_WARN_64_TO_32_BIT_CONVERSION = YES;
				GCC_WARN_ABOUT_RETURN_TYPE = YES_ERROR;
				GCC_WARN_UNDECLARED_SELECTOR = YES;
				GCC_WARN_UNINITIALIZED_AUTOS = YES_AGGRESSIVE;
				GCC_WARN_UNUSED_FUNCTION = YES;
				GCC_WARN_UNUSED_VARIABLE = YES;
				IPHONEOS_DEPLOYMENT_TARGET = 17.4;
				LOCALIZATION_PREFERS_STRING_CATALOGS = YES;
				MTL_ENABLE_DEBUG_INFO = NO;
				MTL_FAST_MATH = YES;
				SDKROOT = iphoneos;
				SWIFT_COMPILATION_MODE = wholemodule;
				VALIDATE_PRODUCT = YES;
			};
			name = Release;
		};
		1FCD06F12BB4CF1D0069E32B /* Debug */ = {
			isa = XCBuildConfiguration;
			buildSettings = {
				ASSETCATALOG_COMPILER_APPICON_NAME = AppIcon;
				ASSETCATALOG_COMPILER_GLOBAL_ACCENT_COLOR_NAME = AccentColor;
				CODE_SIGN_STYLE = Automatic;
				CURRENT_PROJECT_VERSION = 1;
				GENERATE_INFOPLIST_FILE = YES;
				INFOPLIST_FILE = helloios/Info.plist;
				INFOPLIST_KEY_UIApplicationSupportsIndirectInputEvents = YES;
				INFOPLIST_KEY_UILaunchStoryboardName = LaunchScreen;
				INFOPLIST_KEY_UIMainStoryboardFile = Main;
				INFOPLIST_KEY_UISupportedInterfaceOrientations_iPad = "UIInterfaceOrientationPortrait UIInterfaceOrientationPortraitUpsideDown UIInterfaceOrientationLandscapeLeft UIInterfaceOrientationLandscapeRight";
				INFOPLIST_KEY_UISupportedInterfaceOrientations_iPhone = "UIInterfaceOrientationPortrait UIInterfaceOrientationLandscapeLeft UIInterfaceOrientationLandscapeRight";
				LD_RUNPATH_SEARCH_PATHS = (
					"$(inherited)",
					"@executable_path/Frameworks",
				);
				MARKETING_VERSION = 1.0;
				PRODUCT_BUNDLE_IDENTIFIER = com.labram.helloios;
				PRODUCT_NAME = "$(TARGET_NAME)";
				SWIFT_EMIT_LOC_STRINGS = YES;
				SWIFT_VERSION = 5.0;
				TARGETED_DEVICE_FAMILY = "1,2";
			};
			name = Debug;
		};
		1FCD06F22BB4CF1D0069E32B /* Release */ = {
			isa = XCBuildConfiguration;
			buildSettings = {
				ASSETCATALOG_COMPILER_APPICON_NAME = AppIcon;
				ASSETCATALOG_COMPILER_GLOBAL_ACCENT_COLOR_NAME = AccentColor;
				CODE_SIGN_STYLE = Automatic;
				CURRENT_PROJECT_VERSION = 1;
				GENERATE_INFOPLIST_FILE = YES;
				INFOPLIST_FILE = helloios/Info.plist;
				INFOPLIST_KEY_UIApplicationSupportsIndirectInputEvents = YES;
				INFOPLIST_KEY_UILaunchStoryboardName = LaunchScreen;
				INFOPLIST_KEY_UIMainStoryboardFile = Main;
				INFOPLIST_KEY_UISupportedInterfaceOrientations_iPad = "UIInterfaceOrientationPortrait UIInterfaceOrientationPortraitUpsideDown UIInterfaceOrientationLandscapeLeft UIInterfaceOrientationLandscapeRight";
				INFOPLIST_KEY_UISupportedInterfaceOrientations_iPhone = "UIInterfaceOrientationPortrait UIInterfaceOrientationLandscapeLeft UIInterfaceOrientationLandscapeRight";
				LD_RUNPATH_SEARCH_PATHS = (
					"$(inherited)",
					"@executable_path/Frameworks",
				);
				MARKETING_VERSION = 1.0;
				PRODUCT_BUNDLE_IDENTIFIER = com.labram.helloios;
				PRODUCT_NAME = "$(TARGET_NAME)";
				SWIFT_EMIT_LOC_STRINGS = YES;
				SWIFT_VERSION = 5.0;
				TARGETED_DEVICE_FAMILY = "1,2";
			};
			name = Release;
		};
		1FCD06F42BB4CF1D0069E32B /* Debug */ = {
			isa = XCBuildConfiguration;
			buildSettings = {
				ALWAYS_EMBED_SWIFT_STANDARD_LIBRARIES = YES;
				BUNDLE_LOADER = "$(TEST_HOST)";
				CODE_SIGN_STYLE = Automatic;
				CURRENT_PROJECT_VERSION = 1;
				GENERATE_INFOPLIST_FILE = YES;
				IPHONEOS_DEPLOYMENT_TARGET = 17.4;
				MARKETING_VERSION = 1.0;
				PRODUCT_BUNDLE_IDENTIFIER = com.labram.helloiosTests;
				PRODUCT_NAME = "$(TARGET_NAME)";
				SWIFT_EMIT_LOC_STRINGS = NO;
				SWIFT_VERSION = 5.0;
				TARGETED_DEVICE_FAMILY = "1,2";
				TEST_HOST = "$(BUILT_PRODUCTS_DIR)/helloios.app/$(BUNDLE_EXECUTABLE_FOLDER_PATH)/helloios";
			};
			name = Debug;
		};
		1FCD06F52BB4CF1D0069E32B /* Release */ = {
			isa = XCBuildConfiguration;
			buildSettings = {
				ALWAYS_EMBED_SWIFT_STANDARD_LIBRARIES = YES;
				BUNDLE_LOADER = "$(TEST_HOST)";
				CODE_SIGN_STYLE = Automatic;
				CURRENT_PROJECT_VERSION = 1;
				GENERATE_INFOPLIST_FILE = YES;
				IPHONEOS_DEPLOYMENT_TARGET = 17.4;
				MARKETING_VERSION = 1.0;
				PRODUCT_BUNDLE_IDENTIFIER = com.labram.helloiosTests;
				PRODUCT_NAME = "$(TARGET_NAME)";
				SWIFT_EMIT_LOC_STRINGS = NO;
				SWIFT_VERSION = 5.0;
				TARGETED_DEVICE_FAMILY = "1,2";
				TEST_HOST = "$(BUILT_PRODUCTS_DIR)/helloios.app/$(BUNDLE_EXECUTABLE_FOLDER_PATH)/helloios";
			};
			name = Release;
		};
		1FCD06F72BB4CF1D0069E32B /* Debug */ = {
			isa = XCBuildConfiguration;
			buildSettings = {
				ALWAYS_EMBED_SWIFT_STANDARD_LIBRARIES = YES;
				CODE_SIGN_STYLE = Automatic;
				CURRENT_PROJECT_VERSION = 1;
				GENERATE_INFOPLIST_FILE = YES;
				MARKETING_VERSION = 1.0;
				PRODUCT_BUNDLE_IDENTIFIER = com.labram.helloiosUITests;
				PRODUCT_NAME = "$(TARGET_NAME)";
				SWIFT_EMIT_LOC_STRINGS = NO;
				SWIFT_VERSION = 5.0;
				TARGETED_DEVICE_FAMILY = "1,2";
				TEST_TARGET_NAME = helloios;
			};
			name = Debug;
		};
		1FCD06F82BB4CF1D0069E32B /* Release */ = {
			isa = XCBuildConfiguration;
			buildSettings = {
				ALWAYS_EMBED_SWIFT_STANDARD_LIBRARIES = YES;
				CODE_SIGN_STYLE = Automatic;
				CURRENT_PROJECT_VERSION = 1;
				GENERATE_INFOPLIST_FILE = YES;
				MARKETING_VERSION = 1.0;
				PRODUCT_BUNDLE_IDENTIFIER = com.labram.helloiosUITests;
				PRODUCT_NAME = "$(TARGET_NAME)";
				SWIFT_EMIT_LOC_STRINGS = NO;
				SWIFT_VERSION = 5.0;
				TARGETED_DEVICE_FAMILY = "1,2";
				TEST_TARGET_NAME = helloios;
			};
			name = Release;
		};
/* End XCBuildConfiguration section */

/* Begin XCConfigurationList section */
		1FCD06C12BB4CF1C0069E32B /* Build configuration list for PBXProject "helloios" */ = {
			isa = XCConfigurationList;
			buildConfigurations = (
				1FCD06EE2BB4CF1D0069E32B /* Debug */,
				1FCD06EF2BB4CF1D0069E32B /* Release */,
			);
			defaultConfigurationIsVisible = 0;
			defaultConfigurationName = Release;
		};
		1FCD06F02BB4CF1D0069E32B /* Build configuration list for PBXNativeTarget "helloios" */ = {
			isa = XCConfigurationList;
			buildConfigurations = (
				1FCD06F12BB4CF1D0069E32B /* Debug */,
				1FCD06F22BB4CF1D0069E32B /* Release */,
			);
			defaultConfigurationIsVisible = 0;
			defaultConfigurationName = Release;
		};
		1FCD06F32BB4CF1D0069E32B /* Build configuration list for PBXNativeTarget "helloiosTests" */ = {
			isa = XCConfigurationList;
			buildConfigurations = (
				1FCD06F42BB4CF1D0069E32B /* Debug */,
				1FCD06F52BB4CF1D0069E32B /* Release */,
			);
			defaultConfigurationIsVisible = 0;
			defaultConfigurationName = Release;
		};
		1FCD06F62BB4CF1D0069E32B /* Build configuration list for PBXNativeTarget "helloiosUITests" */ = {
			isa = XCConfigurationList;
			buildConfigurations = (
				1FCD06F72BB4CF1D0069E32B /* Debug */,
				1FCD06F82BB4CF1D0069E32B /* Release */,
			);
			defaultConfigurationIsVisible = 0;
			defaultConfigurationName = Release;
		};
/* End XCConfigurationList section */
	};
	rootObject = 1FCD06BE2BB4CF1C0069E32B /* Project object */;
}
